
Microsoft Visual Studio Solution File, Format Version 12.00
# Visual Studio Version 16
VisualStudioVersion = 16.0.31129.286
MinimumVisualStudioVersion = 10.0.40219.1
Project("{FAE04EC0-301F-11D3-BF4B-00C04F79EFBC}") = "Example MCV", "Example MCV\Example MCV.csproj", "{7CB9EF14-D78F-41D6-BAFD-312BC73AD4E0}"
EndProject
Global
	GlobalSection(SolutionConfigurationPlatforms) = preSolution
		Debug|Any CPU = Debug|Any CPU
		Release|Any CPU = Release|Any CPU
	EndGlobalSection
	GlobalSection(ProjectConfigurationPlatforms) = postSolution
		{7CB9EF14-D78F-41D6-BAFD-312BC73AD4E0}.Debug|Any CPU.ActiveCfg = Debug|Any CPU
		{7CB9EF14-D78F-41D6-BAFD-312BC73AD4E0}.Debug|Any CPU.Build.0 = Debug|Any CPU
		{7CB9EF14-D78F-41D6-BAFD-312BC73AD4E0}.Release|Any CPU.ActiveCfg = Release|Any CPU
		{7CB9EF14-D78F-41D6-BAFD-312BC73AD4E0}.Release|Any CPU.Build.0 = Release|Any CPU
	EndGlobalSection
	GlobalSection(SolutionProperties) = preSolution
		HideSolutionNode = FALSE
	EndGlobalSection
	GlobalSection(ExtensibilityGlobals) = postSolution
		SolutionGuid = {5E12FD65-41F2-4D56-AC88-C34571CF3FFA}
	EndGlobalSection
EndGlobal
